
Microsoft Visual Studio Solution File, Format Version 12.00
# Visual Studio Version 16
VisualStudioVersion = 16.0.29215.179
MinimumVisualStudioVersion = 10.0.40219.1
Project("{9A19103F-16F7-4668-BE54-9A1E7A4F7556}") = "Seminar.Web", "Seminar.Web\Seminar.Web.csproj", "{1AE151EC-9D0D-4549-A374-49724A997E07}"
EndProject
Project("{9A19103F-16F7-4668-BE54-9A1E7A4F7556}") = "Seminar.Repository", "Seminar.Repository\Seminar.Repository.csproj", "{2FD71716-2D14-4937-8AE5-3A12716F34D6}"
EndProject
Project("{9A19103F-16F7-4668-BE54-9A1E7A4F7556}") = "Seminar.Common", "Seminar.Common\Seminar.Common.csproj", "{07F2D3B5-1115-4F8C-B31E-8A033E029B10}"
EndProject
Project("{9A19103F-16F7-4668-BE54-9A1E7A4F7556}") = "Seminar.Tests", "Seminar.Tests\Seminar.Tests.csproj", "{59F68F26-0EB0-4785-9DED-7027193AD927}"
EndProject
Global
	GlobalSection(SolutionConfigurationPlatforms) = preSolution
		Debug|Any CPU = Debug|Any CPU
		Release|Any CPU = Release|Any CPU
	EndGlobalSection
	GlobalSection(ProjectConfigurationPlatforms) = postSolution
		{1AE151EC-9D0D-4549-A374-49724A997E07}.Debug|Any CPU.ActiveCfg = Debug|Any CPU
		{1AE151EC-9D0D-4549-A374-49724A997E07}.Debug|Any CPU.Build.0 = Debug|Any CPU
		{1AE151EC-9D0D-4549-A374-49724A997E07}.Release|Any CPU.ActiveCfg = Release|Any CPU
		{1AE151EC-9D0D-4549-A374-49724A997E07}.Release|Any CPU.Build.0 = Release|Any CPU
		{2FD71716-2D14-4937-8AE5-3A12716F34D6}.Debug|Any CPU.ActiveCfg = Debug|Any CPU
		{2FD71716-2D14-4937-8AE5-3A12716F34D6}.Debug|Any CPU.Build.0 = Debug|Any CPU
		{2FD71716-2D14-4937-8AE5-3A12716F34D6}.Release|Any CPU.ActiveCfg = Release|Any CPU
		{2FD71716-2D14-4937-8AE5-3A12716F34D6}.Release|Any CPU.Build.0 = Release|Any CPU
		{07F2D3B5-1115-4F8C-B31E-8A033E029B10}.Debug|Any CPU.ActiveCfg = Debug|Any CPU
		{07F2D3B5-1115-4F8C-B31E-8A033E029B10}.Debug|Any CPU.Build.0 = Debug|Any CPU
		{07F2D3B5-1115-4F8C-B31E-8A033E029B10}.Release|Any CPU.ActiveCfg = Release|Any CPU
		{07F2D3B5-1115-4F8C-B31E-8A033E029B10}.Release|Any CPU.Build.0 = Release|Any CPU
		{59F68F26-0EB0-4785-9DED-7027193AD927}.Debug|Any CPU.ActiveCfg = Debug|Any CPU
		{59F68F26-0EB0-4785-9DED-7027193AD927}.Debug|Any CPU.Build.0 = Debug|Any CPU
		{59F68F26-0EB0-4785-9DED-7027193AD927}.Release|Any CPU.ActiveCfg = Release|Any CPU
		{59F68F26-0EB0-4785-9DED-7027193AD927}.Release|Any CPU.Build.0 = Release|Any CPU
	EndGlobalSection
	GlobalSection(SolutionProperties) = preSolution
		HideSolutionNode = FALSE
	EndGlobalSection
	GlobalSection(ExtensibilityGlobals) = postSolution
		SolutionGuid = {946D7C38-0344-4ADC-BBFE-C687CBE4152D}
	EndGlobalSection
EndGlobal
